// !$*UTF8*$!
{
	archiveVersion = 1;
	classes = {
	};
	objectVersion = 46;
	objects = {

/* Begin PBXBuildFile section */
		53CC6E141D40F2F2009932AF /* main.m in Sources */ = {isa = PBXBuildFile; fileRef = 53CC6E131D40F2F2009932AF /* main.m */; };
		53CC6E171D40F2F2009932AF /* AppDelegate.m in Sources */ = {isa = PBXBuildFile; fileRef = 53CC6E161D40F2F2009932AF /* AppDelegate.m */; };
		53CC6E1A1D40F2F2009932AF /* ViewController.m in Sources */ = {isa = PBXBuildFile; fileRef = 53CC6E191D40F2F2009932AF /* ViewController.m */; };
		53CC6E1F1D40F2F2009932AF /* Assets.xcassets in Resources */ = {isa = PBXBuildFile; fileRef = 53CC6E1E1D40F2F2009932AF /* Assets.xcassets */; };
		53CC6E221D40F2F2009932AF /* LaunchScreen.storyboard in Resources */ = {isa = PBXBuildFile; fileRef = 53CC6E201D40F2F2009932AF /* LaunchScreen.storyboard */; };
		53CC6E2C1D40F94D009932AF /* UIView+Utils.m in Sources */ = {isa = PBXBuildFile; fileRef = 53CC6E2B1D40F94D009932AF /* UIView+Utils.m */; };
		53CC6E331D40FAB0009932AF /* AnyTableView.m in Sources */ = {isa = PBXBuildFile; fileRef = 53CC6E321D40FAB0009932AF /* AnyTableView.m */; };
		53CC6E361D40FBFA009932AF /* AnyTableViewCell.m in Sources */ = {isa = PBXBuildFile; fileRef = 53CC6E351D40FBFA009932AF /* AnyTableViewCell.m */; };
		53CC6E391D410026009932AF /* ImitateTableView.m in Sources */ = {isa = PBXBuildFile; fileRef = 53CC6E381D410026009932AF /* ImitateTableView.m */; };
/* End PBXBuildFile section */

/* Begin PBXFileReference section */
		53CC6E0F1D40F2F2009932AF /* AnyTableView.app */ = {isa = PBXFileReference; explicitFileType = wrapper.application; includeInIndex = 0; path = AnyTableView.app; sourceTree = BUILT_PRODUCTS_DIR; };
		53CC6E131D40F2F2009932AF /* main.m */ = {isa = PBXFileReference; lastKnownFileType = sourcecode.c.objc; path = main.m; sourceTree = "<group>"; };
		53CC6E151D40F2F2009932AF /* AppDelegate.h */ = {isa = PBXFileReference; lastKnownFileType = sourcecode.c.h; path = AppDelegate.h; sourceTree = "<group>"; };
		53CC6E161D40F2F2009932AF /* AppDelegate.m */ = {isa = PBXFileReference; lastKnownFileType = sourcecode.c.objc; path = AppDelegate.m; sourceTree = "<group>"; };
		53CC6E181D40F2F2009932AF /* ViewController.h */ = {isa = PBXFileReference; lastKnownFileType = sourcecode.c.h; path = ViewController.h; sourceTree = "<group>"; };
		53CC6E191D40F2F2009932AF /* ViewController.m */ = {isa = PBXFileReference; lastKnownFileType = sourcecode.c.objc; path = ViewController.m; sourceTree = "<group>"; };
		53CC6E1E1D40F2F2009932AF /* Assets.xcassets */ = {isa = PBXFileReference; lastKnownFileType = folder.assetcatalog; path = Assets.xcassets; sourceTree = "<group>"; };
		53CC6E211D40F2F2009932AF /* Base */ = {isa = PBXFileReference; lastKnownFileType = file.storyboard; name = Base; path = Base.lproj/LaunchScreen.storyboard; sourceTree = "<group>"; };
		53CC6E231D40F2F2009932AF /* Info.plist */ = {isa = PBXFileReference; lastKnownFileType = text.plist.xml; path = Info.plist; sourceTree = "<group>"; };
		53CC6E291D40F8C5009932AF /* AnyTableView-Prefix.pch */ = {isa = PBXFileReference; lastKnownFileType = sourcecode.c.h; path = "AnyTableView-Prefix.pch"; sourceTree = "<group>"; };
		53CC6E2A1D40F94D009932AF /* UIView+Utils.h */ = {isa = PBXFileReference; fileEncoding = 4; lastKnownFileType = sourcecode.c.h; path = "UIView+Utils.h"; sourceTree = "<group>"; };
		53CC6E2B1D40F94D009932AF /* UIView+Utils.m */ = {isa = PBXFileReference; fileEncoding = 4; lastKnownFileType = sourcecode.c.objc; path = "UIView+Utils.m"; sourceTree = "<group>"; };
		53CC6E311D40FAB0009932AF /* AnyTableView.h */ = {isa = PBXFileReference; fileEncoding = 4; lastKnownFileType = sourcecode.c.h; path = AnyTableView.h; sourceTree = "<group>"; };
		53CC6E321D40FAB0009932AF /* AnyTableView.m */ = {isa = PBXFileReference; fileEncoding = 4; lastKnownFileType = sourcecode.c.objc; path = AnyTableView.m; sourceTree = "<group>"; };
		53CC6E341D40FBFA009932AF /* AnyTableViewCell.h */ = {isa = PBXFileReference; fileEncoding = 4; lastKnownFileType = sourcecode.c.h; path = AnyTableViewCell.h; sourceTree = "<group>"; };
		53CC6E351D40FBFA009932AF /* AnyTableViewCell.m */ = {isa = PBXFileReference; fileEncoding = 4; lastKnownFileType = sourcecode.c.objc; path = AnyTableViewCell.m; sourceTree = "<group>"; };
		53CC6E371D410026009932AF /* ImitateTableView.h */ = {isa = PBXFileReference; fileEncoding = 4; lastKnownFileType = sourcecode.c.h; path = ImitateTableView.h; sourceTree = "<group>"; };
		53CC6E381D410026009932AF /* ImitateTableView.m */ = {isa = PBXFileReference; fileEncoding = 4; lastKnownFileType = sourcecode.c.objc; path = ImitateTableView.m; sourceTree = "<group>"; };
/* End PBXFileReference section */

/* Begin PBXFrameworksBuildPhase section */
		53CC6E0C1D40F2F2009932AF /* Frameworks */ = {
			isa = PBXFrameworksBuildPhase;
			buildActionMask = 2147483647;
			files = (
			);
			runOnlyForDeploymentPostprocessing = 0;
		};
/* End PBXFrameworksBuildPhase section */

/* Begin PBXGroup section */
		53CC6E061D40F2F2009932AF = {
			isa = PBXGroup;
			children = (
				53CC6E111D40F2F2009932AF /* AnyTableView */,
				53CC6E101D40F2F2009932AF /* Products */,
			);
			sourceTree = "<group>";
		};
		53CC6E101D40F2F2009932AF /* Products */ = {
			isa = PBXGroup;
			children = (
				53CC6E0F1D40F2F2009932AF /* AnyTableView.app */,
			);
			name = Products;
			sourceTree = "<group>";
		};
		53CC6E111D40F2F2009932AF /* AnyTableView */ = {
			isa = PBXGroup;
			children = (
				53CC6E301D40FAB0009932AF /* AnyTableView */,
				53CC6E151D40F2F2009932AF /* AppDelegate.h */,
				53CC6E161D40F2F2009932AF /* AppDelegate.m */,
				53CC6E181D40F2F2009932AF /* ViewController.h */,
				53CC6E191D40F2F2009932AF /* ViewController.m */,
				53CC6E2A1D40F94D009932AF /* UIView+Utils.h */,
				53CC6E2B1D40F94D009932AF /* UIView+Utils.m */,
				53CC6E1E1D40F2F2009932AF /* Assets.xcassets */,
				53CC6E201D40F2F2009932AF /* LaunchScreen.storyboard */,
				53CC6E231D40F2F2009932AF /* Info.plist */,
				53CC6E121D40F2F2009932AF /* Supporting Files */,
			);
			path = AnyTableView;
			sourceTree = "<group>";
		};
		53CC6E121D40F2F2009932AF /* Supporting Files */ = {
			isa = PBXGroup;
			children = (
				53CC6E291D40F8C5009932AF /* AnyTableView-Prefix.pch */,
				53CC6E131D40F2F2009932AF /* main.m */,
			);
			name = "Supporting Files";
			sourceTree = "<group>";
		};
		53CC6E301D40FAB0009932AF /* AnyTableView */ = {
			isa = PBXGroup;
			children = (
				53CC6E311D40FAB0009932AF /* AnyTableView.h */,
				53CC6E321D40FAB0009932AF /* AnyTableView.m */,
				53CC6E341D40FBFA009932AF /* AnyTableViewCell.h */,
				53CC6E351D40FBFA009932AF /* AnyTableViewCell.m */,
				53CC6E371D410026009932AF /* ImitateTableView.h */,
				53CC6E381D410026009932AF /* ImitateTableView.m */,
			);
			path = AnyTableView;
			sourceTree = "<group>";
		};
/* End PBXGroup section */

/* Begin PBXNativeTarget section */
		53CC6E0E1D40F2F2009932AF /* AnyTableView */ = {
			isa = PBXNativeTarget;
			buildConfigurationList = 53CC6E261D40F2F2009932AF /* Build configuration list for PBXNativeTarget "AnyTableView" */;
			buildPhases = (
				53CC6E0B1D40F2F2009932AF /* Sources */,
				53CC6E0C1D40F2F2009932AF /* Frameworks */,
				53CC6E0D1D40F2F2009932AF /* Resources */,
			);
			buildRules = (
			);
			dependencies = (
			);
			name = AnyTableView;
			productName = AnyTableView;
			productReference = 53CC6E0F1D40F2F2009932AF /* AnyTableView.app */;
			productType = "com.apple.product-type.application";
		};
/* End PBXNativeTarget section */

/* Begin PBXProject section */
		53CC6E071D40F2F2009932AF /* Project object */ = {
			isa = PBXProject;
			attributes = {
				LastUpgradeCheck = 0730;
				ORGANIZATIONNAME = com.chiyue;
				TargetAttributes = {
					53CC6E0E1D40F2F2009932AF = {
						CreatedOnToolsVersion = 7.3.1;
					};
				};
			};
			buildConfigurationList = 53CC6E0A1D40F2F2009932AF /* Build configuration list for PBXProject "AnyTableView" */;
			compatibilityVersion = "Xcode 3.2";
			developmentRegion = English;
			hasScannedForEncodings = 0;
			knownRegions = (
				en,
				Base,
			);
			mainGroup = 53CC6E061D40F2F2009932AF;
			productRefGroup = 53CC6E101D40F2F2009932AF /* Products */;
			projectDirPath = "";
			projectRoot = "";
			targets = (
				53CC6E0E1D40F2F2009932AF /* AnyTableView */,
			);
		};
/* End PBXProject section */

/* Begin PBXResourcesBuildPhase section */
		53CC6E0D1D40F2F2009932AF /* Resources */ = {
			isa = PBXResourcesBuildPhase;
			buildActionMask = 2147483647;
			files = (
				53CC6E221D40F2F2009932AF /* LaunchScreen.storyboard in Resources */,
				53CC6E1F1D40F2F2009932AF /* Assets.xcassets in Resources */,
			);
			runOnlyForDeploymentPostprocessing = 0;
		};
/* End PBXResourcesBuildPhase section */

/* Begin PBXSourcesBuildPhase section */
		53CC6E0B1D40F2F2009932AF /* Sources */ = {
			isa = PBXSourcesBuildPhase;
			buildActionMask = 2147483647;
			files = (
				53CC6E1A1D40F2F2009932AF /* ViewController.m in Sources */,
				53CC6E331D40FAB0009932AF /* AnyTableView.m in Sources */,
				53CC6E361D40FBFA009932AF /* AnyTableViewCell.m in Sources */,
				53CC6E171D40F2F2009932AF /* AppDelegate.m in Sources */,
				53CC6E391D410026009932AF /* ImitateTableView.m in Sources */,
				53CC6E2C1D40F94D009932AF /* UIView+Utils.m in Sources */,
				53CC6E141D40F2F2009932AF /* main.m in Sources */,
			);
			runOnlyForDeploymentPostprocessing = 0;
		};
/* End PBXSourcesBuildPhase section */

/* Begin PBXVariantGroup section */
		53CC6E201D40F2F2009932AF /* LaunchScreen.storyboard */ = {
			isa = PBXVariantGroup;
			children = (
				53CC6E211D40F2F2009932AF /* Base */,
			);
			name = LaunchScreen.storyboard;
			sourceTree = "<group>";
		};
/* End PBXVariantGroup section */

/* Begin XCBuildConfiguration section */
		53CC6E241D40F2F2009932AF /* Debug */ = {
			isa = XCBuildConfiguration;
			buildSettings = {
				ALWAYS_SEARCH_USER_PATHS = NO;
				CLANG_ANALYZER_NONNULL = YES;
				CLANG_CXX_LANGUAGE_STANDARD = "gnu++0x";
				CLANG_CXX_LIBRARY = "libc++";
				CLANG_ENABLE_MODULES = YES;
				CLANG_ENABLE_OBJC_ARC = YES;
				CLANG_WARN_BOOL_CONVERSION = YES;
				CLANG_WARN_CONSTANT_CONVERSION = YES;
				CLANG_WARN_DIRECT_OBJC_ISA_USAGE = YES_ERROR;
				CLANG_WARN_EMPTY_BODY = YES;
				CLANG_WARN_ENUM_CONVERSION = YES;
				CLANG_WARN_INT_CONVERSION = YES;
				CLANG_WARN_OBJC_ROOT_CLASS = YES_ERROR;
				CLANG_WARN_UNREACHABLE_CODE = YES;
				CLANG_WARN__DUPLICATE_METHOD_MATCH = YES;
				"CODE_SIGN_IDENTITY[sdk=iphoneos*]" = "iPhone Developer";
				COPY_PHASE_STRIP = NO;
				DEBUG_INFORMATION_FORMAT = dwarf;
				ENABLE_STRICT_OBJC_MSGSEND = YES;
				ENABLE_TESTABILITY = YES;
				GCC_C_LANGUAGE_STANDARD = gnu99;
				GCC_DYNAMIC_NO_PIC = NO;
				GCC_NO_COMMON_BLOCKS = YES;
				GCC_OPTIMIZATION_LEVEL = 0;
				GCC_PREPROCESSOR_DEFINITIONS = (
					"DEBUG=1",
					"$(inherited)",
				);
				GCC_WARN_64_TO_32_BIT_CONVERSION = YES;
				GCC_WARN_ABOUT_RETURN_TYPE = YES_ERROR;
				GCC_WARN_UNDECLARED_SELECTOR = YES;
				GCC_WARN_UNINITIALIZED_AUTOS = YES_AGGRESSIVE;
				GCC_WARN_UNUSED_FUNCTION = YES;
				GCC_WARN_UNUSED_VARIABLE = YES;
				IPHONEOS_DEPLOYMENT_TARGET = 9.3;
				MTL_ENABLE_DEBUG_INFO = YES;
				ONLY_ACTIVE_ARCH = YES;
				SDKROOT = iphoneos;
			};
			name = Debug;
		};
		53CC6E251D40F2F2009932AF /* Release */ = {
			isa = XCBuildConfiguration;
			buildSettings = {
				ALWAYS_SEARCH_USER_PATHS = NO;
				CLANG_ANALYZER_NONNULL = YES;
				CLANG_CXX_LANGUAGE_STANDARD = "gnu++0x";
				CLANG_CXX_LIBRARY = "libc++";
				CLANG_ENABLE_MODULES = YES;
				CLANG_ENABLE_OBJC_ARC = YES;
				CLANG_WARN_BOOL_CONVERSION = YES;
				CLANG_WARN_CONSTANT_CONVERSION = YES;
				CLANG_WARN_DIRECT_OBJC_ISA_USAGE = YES_ERROR;
				CLANG_WARN_EMPTY_BODY = YES;
				CLANG_WARN_ENUM_CONVERSION = YES;
				CLANG_WARN_INT_CONVERSION = YES;
				CLANG_WARN_OBJC_ROOT_CLASS = YES_ERROR;
				CLANG_WARN_UNREACHABLE_CODE = YES;
				CLANG_WARN__DUPLICATE_METHOD_MATCH = YES;
				"CODE_SIGN_IDENTITY[sdk=iphoneos*]" = "iPhone Developer";
				COPY_PHASE_STRIP = NO;
				DEBUG_INFORMATION_FORMAT = "dwarf-with-dsym";
				ENABLE_NS_ASSERTIONS = NO;
				ENABLE_STRICT_OBJC_MSGSEND = YES;
				GCC_C_LANGUAGE_STANDARD = gnu99;
				GCC_NO_COMMON_BLOCKS = YES;
				GCC_WARN_64_TO_32_BIT_CONVERSION = YES;
				GCC_WARN_ABOUT_RETURN_TYPE = YES_ERROR;
				GCC_WARN_UNDECLARED_SELECTOR = YES;
				GCC_WARN_UNINITIALIZED_AUTOS = YES_AGGRESSIVE;
				GCC_WARN_UNUSED_FUNCTION = YES;
				GCC_WARN_UNUSED_VARIABLE = YES;
				IPHONEOS_DEPLOYMENT_TARGET = 9.3;
				MTL_ENABLE_DEBUG_INFO = NO;
				SDKROOT = iphoneos;
				VALIDATE_PRODUCT = YES;
			};
			name = Release;
		};
		53CC6E271D40F2F2009932AF /* Debug */ = {
			isa = XCBuildConfiguration;
			buildSettings = {
				ASSETCATALOG_COMPILER_APPICON_NAME = AppIcon;
				GCC_PRECOMPILE_PREFIX_HEADER = YES;
				GCC_PREFIX_HEADER = "AnyTableView/AnyTableView-Prefix.pch";
				INFOPLIST_FILE = AnyTableView/Info.plist;
				LD_RUNPATH_SEARCH_PATHS = "$(inherited) @executable_path/Frameworks";
				PRODUCT_BUNDLE_IDENTIFIER = com.chiyue.AnyTableView;
				PRODUCT_NAME = "$(TARGET_NAME)";
			};
			name = Debug;
		};
		53CC6E281D40F2F2009932AF /* Release */ = {
			isa = XCBuildConfiguration;
			buildSettings = {
				ASSETCATALOG_COMPILER_APPICON_NAME = AppIcon;
				GCC_PRECOMPILE_PREFIX_HEADER = YES;
				GCC_PREFIX_HEADER = "AnyTableView/AnyTableView-Prefix.pch";
				INFOPLIST_FILE = AnyTableView/Info.plist;
				LD_RUNPATH_SEARCH_PATHS = "$(inherited) @executable_path/Frameworks";
				PRODUCT_BUNDLE_IDENTIFIER = com.chiyue.AnyTableView;
				PRODUCT_NAME = "$(TARGET_NAME)";
			};
			name = Release;
		};
/* End XCBuildConfiguration section */

/* Begin XCConfigurationList section */
		53CC6E0A1D40F2F2009932AF /* Build configuration list for PBXProject "AnyTableView" */ = {
			isa = XCConfigurationList;
			buildConfigurations = (
				53CC6E241D40F2F2009932AF /* Debug */,
				53CC6E251D40F2F2009932AF /* Release */,
			);
			defaultConfigurationIsVisible = 0;
			defaultConfigurationName = Release;
		};
		53CC6E261D40F2F2009932AF /* Build configuration list for PBXNativeTarget "AnyTableView" */ = {
			isa = XCConfigurationList;
			buildConfigurations = (
				53CC6E271D40F2F2009932AF /* Debug */,
				53CC6E281D40F2F2009932AF /* Release */,
			);
			defaultConfigurationIsVisible = 0;
		};
/* End XCConfigurationList section */
	};
	rootObject = 53CC6E071D40F2F2009932AF /* Project object */;
}
